<?xml version="1.0" encoding="utf-8"?>
<Project ToolsVersion="4.0" xmlns="http://schemas.microsoft.com/developer/msbuild/2003">
  <ItemGroup>
    <Filter Include="Source Files">
      <UniqueIdentifier>{4FC737F1-C7A5-4376-A066-2A32D752A2FF}</UniqueIdentifier>
      <Extensions>cpp;c;cc;cxx;c++;cppm;ixx;def;odl;idl;hpj;bat;asm;asmx</Extensions>
    </Filter>
    <Filter Include="Header Files">
      <UniqueIdentifier>{93995380-89BD-4b04-88EB-625FBE52EBFB}</UniqueIdentifier>
      <Extensions>h;hh;hpp;hxx;h++;hm;inl;inc;ipp;xsd</Extensions>
    </Filter>
    <Filter Include="Resource Files">
      <UniqueIdentifier>{67DA6AB6-F800-4c08-8B7A-83BB121AAD01}</UniqueIdentifier>
      <Extensions>rc;ico;cur;bmp;dlg;rc2;rct;bin;rgs;gif;jpg;jpeg;jpe;resx;tiff;tif;png;wav;mfcribbon-ms</Extensions>
    </Filter>
  </ItemGroup>
  <ItemGroup>
    <ClInclude Include="PotaOCC.h">
      <Filter>Header Files</Filter>
    </ClInclude>
    <ClInclude Include="Resource.h">
      <Filter>Header Files</Filter>
    </ClInclude>
    <ClInclude Include="pch.h">
      <Filter>Header Files</Filter>
    </ClInclude>
    <ClInclude Include="NativeViewerHandle.h">
      <Filter>Header Files</Filter>
    </ClInclude>
    <ClInclude Include="AIS_OverlayCircle.h">
      <Filter>Header Files</Filter>
    </ClInclude>
    <ClInclude Include="AIS_OverlayLine.h">
      <Filter>Header Files</Filter>
    </ClInclude>
    <ClInclude Include="ArcDrawer.h">
      <Filter>Header Files</Filter>
    </ClInclude>
    <ClInclude Include="ByblockDrawer.h">
      <Filter>Header Files</Filter>
    </ClInclude>
    <ClInclude Include="CircleDrawer.h">
      <Filter>Header Files</Filter>
    </ClInclude>
    <ClInclude Include="DimensionDrawer.h">
      <Filter>Header Files</Filter>
    </ClInclude>
    <ClInclude Include="EllipseDrawer.h">
      <Filter>Header Files</Filter>
    </ClInclude>
    <ClInclude Include="LineDrawer.h">
      <Filter>Header Files</Filter>
    </ClInclude>
    <ClInclude Include="MateHelper.h">
      <Filter>Header Files</Filter>
    </ClInclude>
    <ClInclude Include="MouseCursor.h">
      <Filter>Header Files</Filter>
    </ClInclude>
    <ClInclude Include="MouseHandler.h">
      <Filter>Header Files</Filter>
    </ClInclude>
    <ClInclude Include="Utils.h">
      <Filter>Header Files</Filter>
    </ClInclude>
    <ClInclude Include="VertexDrawer.h">
      <Filter>Header Files</Filter>
    </ClInclude>
    <ClInclude Include="ViewerManager.h">
      <Filter>Header Files</Filter>
    </ClInclude>
    <ClInclude Include="ViewHelper.h">
      <Filter>Header Files</Filter>
    </ClInclude>
    <ClInclude Include="ShapeBooleanOperator.h">
      <Filter>Header Files</Filter>
    </ClInclude>
    <ClInclude Include="ShapeDrawer.h">
      <Filter>Header Files</Filter>
    </ClInclude>
    <ClInclude Include="ShapeExtruder.h">
      <Filter>Header Files</Filter>
    </ClInclude>
    <ClInclude Include="SolidDrawer.h">
      <Filter>Header Files</Filter>
    </ClInclude>
    <ClInclude Include="SplineDrawer.h">
      <Filter>Header Files</Filter>
    </ClInclude>
    <ClInclude Include="TextDrawer.h">
      <Filter>Header Files</Filter>
    </ClInclude>
    <ClInclude Include="AIS_OverlayEllipse.h">
      <Filter>Header Files</Filter>
    </ClInclude>
    <ClInclude Include="AIS_OverlayRectangle.h">
      <Filter>Header Files</Filter>
    </ClInclude>
    <ClInclude Include="LwPolylineDrawer.h">
      <Filter>Header Files</Filter>
    </ClInclude>
    <ClInclude Include="GeometryHelper.h">
      <Filter>Header Files</Filter>
    </ClInclude>
    <ClInclude Include="MouseHelper.h">
      <Filter>Header Files</Filter>
    </ClInclude>
    <ClInclude Include="ShapeRevolver.h">
      <Filter>Header Files</Filter>
    </ClInclude>
    <ClInclude Include="DimensionHelper.h">
      <Filter>Header Files</Filter>
    </ClInclude>
    <ClInclude Include="RectangleDrawer.h">
      <Filter>Header Files</Filter>
    </ClInclude>
    <ClInclude Include="RevolveHelper.h">
      <Filter>Header Files</Filter>
    </ClInclude>
  </ItemGroup>
  <ItemGroup>
    <ClCompile Include="PotaOCC.cpp">
      <Filter>Source Files</Filter>
    </ClCompile>
    <ClCompile Include="AssemblyInfo.cpp">
      <Filter>Source Files</Filter>
    </ClCompile>
    <ClCompile Include="pch.cpp">
      <Filter>Source Files</Filter>
    </ClCompile>
    <ClCompile Include="ByblockDrawer.cpp">
      <Filter>Source Files</Filter>
    </ClCompile>
    <ClCompile Include="CircleDrawer.cpp">
      <Filter>Source Files</Filter>
    </ClCompile>
    <ClCompile Include="DimensionDrawer.cpp">
      <Filter>Source Files</Filter>
    </ClCompile>
    <ClCompile Include="EllipseDrawer.cpp">
      <Filter>Source Files</Filter>
    </ClCompile>
    <ClCompile Include="LineDrawer.cpp">
      <Filter>Source Files</Filter>
    </ClCompile>
    <ClCompile Include="MouseCursor.cpp">
      <Filter>Source Files</Filter>
    </ClCompile>
    <ClCompile Include="MouseHandler.cpp">
      <Filter>Source Files</Filter>
    </ClCompile>
    <ClCompile Include="ArcDrawer.cpp">
      <Filter>Source Files</Filter>
    </ClCompile>
    <ClCompile Include="Print.cpp">
      <Filter>Source Files</Filter>
    </ClCompile>
    <ClCompile Include="ShapeBooleanOperator.cpp">
      <Filter>Source Files</Filter>
    </ClCompile>
    <ClCompile Include="ShapeDrawer.cpp">
      <Filter>Source Files</Filter>
    </ClCompile>
    <ClCompile Include="ShapeExtruder.cpp">
      <Filter>Source Files</Filter>
    </ClCompile>
    <ClCompile Include="SolidDrawer.cpp">
      <Filter>Source Files</Filter>
    </ClCompile>
    <ClCompile Include="SplineDrawer.cpp">
      <Filter>Source Files</Filter>
    </ClCompile>
    <ClCompile Include="TextDrawer.cpp">
      <Filter>Source Files</Filter>
    </ClCompile>
    <ClCompile Include="VertexDrawer.cpp">
      <Filter>Source Files</Filter>
    </ClCompile>
    <ClCompile Include="ViewerManager.cpp">
      <Filter>Source Files</Filter>
    </ClCompile>
    <ClCompile Include="ViewHelper.cpp">
      <Filter>Source Files</Filter>
    </ClCompile>
    <ClCompile Include="PointDrawer.cpp">
      <Filter>Source Files</Filter>
    </ClCompile>
    <ClCompile Include="PolylineDrawer.cpp">
      <Filter>Source Files</Filter>
    </ClCompile>
    <ClCompile Include="MateHelper.cpp">
      <Filter>Source Files</Filter>
    </ClCompile>
    <ClCompile Include="LwPolylineDrawer.cpp">
      <Filter>Source Files</Filter>
    </ClCompile>
    <ClCompile Include="GeometryHelper.cpp">
      <Filter>Source Files</Filter>
    </ClCompile>
    <ClCompile Include="MouseHelper.cpp">
      <Filter>Source Files</Filter>
    </ClCompile>
    <ClCompile Include="ShapeRevolver.cpp">
      <Filter>Source Files</Filter>
    </ClCompile>
    <ClCompile Include="DimensionHelper.cpp">
      <Filter>Source Files</Filter>
    </ClCompile>
    <ClCompile Include="RectangleDrawer.cpp">
      <Filter>Source Files</Filter>
    </ClCompile>
    <ClCompile Include="RevolveHelper.cpp">
      <Filter>Source Files</Filter>
    </ClCompile>
  </ItemGroup>
  <ItemGroup>
    <ResourceCompile Include="app.rc">
      <Filter>Resource Files</Filter>
    </ResourceCompile>
  </ItemGroup>
  <ItemGroup>
    <Image Include="app.ico">
      <Filter>Resource Files</Filter>
    </Image>
  </ItemGroup>
</Project>